
Microsoft Visual Studio Solution File, Format Version 12.00
# Visual Studio Version 17
VisualStudioVersion = 17.14.36429.23 d17.14
MinimumVisualStudioVersion = 10.0.40219.1
Project("{FAE04EC0-301F-11D3-BF4B-00C04F79EFBC}") = "HattrickTransfersScraper", "HattrickTransfersScraper.csproj", "{EDBA450E-2C14-4A4C-8A65-1A7C6B034DDE}"
EndProject
Global
	GlobalSection(SolutionConfigurationPlatforms) = preSolution
		Debug|Any CPU = Debug|Any CPU
		Release|Any CPU = Release|Any CPU
	EndGlobalSection
	GlobalSection(ProjectConfigurationPlatforms) = postSolution
		{EDBA450E-2C14-4A4C-8A65-1A7C6B034DDE}.Debug|Any CPU.ActiveCfg = Debug|Any CPU
		{EDBA450E-2C14-4A4C-8A65-1A7C6B034DDE}.Debug|Any CPU.Build.0 = Debug|Any CPU
		{EDBA450E-2C14-4A4C-8A65-1A7C6B034DDE}.Release|Any CPU.ActiveCfg = Release|Any CPU
		{EDBA450E-2C14-4A4C-8A65-1A7C6B034DDE}.Release|Any CPU.Build.0 = Release|Any CPU
	EndGlobalSection
	GlobalSection(SolutionProperties) = preSolution
		HideSolutionNode = FALSE
	EndGlobalSection
	GlobalSection(ExtensibilityGlobals) = postSolution
		SolutionGuid = {2874DB01-69D7-4AFC-9773-3B0E30281011}
	EndGlobalSection
EndGlobal
